
Microsoft Visual Studio Solution File, Format Version 12.00
# Visual Studio Version 18
VisualStudioVersion = 18.5.11709.299
MinimumVisualStudioVersion = 10.0.40219.1
Project("{FAE04EC0-301F-11D3-BF4B-00C04F79EFBC}") = "nexgensales", "nexgensales.csproj", "{885B9BBE-2F02-22F9-B92E-A189E5EEDE1C}"
EndProject
Global
	GlobalSection(SolutionConfigurationPlatforms) = preSolution
		Debug|Any CPU = Debug|Any CPU
		Release|Any CPU = Release|Any CPU
	EndGlobalSection
	GlobalSection(ProjectConfigurationPlatforms) = postSolution
		{885B9BBE-2F02-22F9-B92E-A189E5EEDE1C}.Debug|Any CPU.ActiveCfg = Debug|Any CPU
		{885B9BBE-2F02-22F9-B92E-A189E5EEDE1C}.Debug|Any CPU.Build.0 = Debug|Any CPU
		{885B9BBE-2F02-22F9-B92E-A189E5EEDE1C}.Release|Any CPU.ActiveCfg = Release|Any CPU
		{885B9BBE-2F02-22F9-B92E-A189E5EEDE1C}.Release|Any CPU.Build.0 = Release|Any CPU
	EndGlobalSection
	GlobalSection(SolutionProperties) = preSolution
		HideSolutionNode = FALSE
	EndGlobalSection
	GlobalSection(ExtensibilityGlobals) = postSolution
		SolutionGuid = {F3CEF08B-C62F-40C2-AE48-E2B54B745AF6}
	EndGlobalSection
EndGlobal
